
Microsoft Visual Studio Solution File, Format Version 12.00
# Visual Studio 15
VisualStudioVersion = 15.0.26228.9
MinimumVisualStudioVersion = 10.0.40219.1
Project("{FAE04EC0-301F-11D3-BF4B-00C04F79EFBC}") = "ambi-win", "ambi-win\ambi-win.csproj", "{B4F2DB4A-C0C8-4353-B4AC-19FB23B2C7D1}"
EndProject
Project("{FAE04EC0-301F-11D3-BF4B-00C04F79EFBC}") = "ambi-gui", "ambi-gui\ambi-gui.csproj", "{F6A3E795-21DA-4E3C-9A1C-E40F6EE09AB8}"
EndProject
Global
	GlobalSection(SolutionConfigurationPlatforms) = preSolution
		Debug|Any CPU = Debug|Any CPU
		Debug|ARM = Debug|ARM
		Debug|x64 = Debug|x64
		Debug|x86 = Debug|x86
		Release|Any CPU = Release|Any CPU
		Release|ARM = Release|ARM
		Release|x64 = Release|x64
		Release|x86 = Release|x86
	EndGlobalSection
	GlobalSection(ProjectConfigurationPlatforms) = postSolution
		{B4F2DB4A-C0C8-4353-B4AC-19FB23B2C7D1}.Debug|Any CPU.ActiveCfg = Debug|Any CPU
		{B4F2DB4A-C0C8-4353-B4AC-19FB23B2C7D1}.Debug|Any CPU.Build.0 = Debug|Any CPU
		{B4F2DB4A-C0C8-4353-B4AC-19FB23B2C7D1}.Debug|ARM.ActiveCfg = Debug|Any CPU
		{B4F2DB4A-C0C8-4353-B4AC-19FB23B2C7D1}.Debug|ARM.Build.0 = Debug|Any CPU
		{B4F2DB4A-C0C8-4353-B4AC-19FB23B2C7D1}.Debug|x64.ActiveCfg = Debug|Any CPU
		{B4F2DB4A-C0C8-4353-B4AC-19FB23B2C7D1}.Debug|x64.Build.0 = Debug|Any CPU
		{B4F2DB4A-C0C8-4353-B4AC-19FB23B2C7D1}.Debug|x86.ActiveCfg = Debug|Any CPU
		{B4F2DB4A-C0C8-4353-B4AC-19FB23B2C7D1}.Debug|x86.Build.0 = Debug|Any CPU
		{B4F2DB4A-C0C8-4353-B4AC-19FB23B2C7D1}.Release|Any CPU.ActiveCfg = Release|Any CPU
		{B4F2DB4A-C0C8-4353-B4AC-19FB23B2C7D1}.Release|Any CPU.Build.0 = Release|Any CPU
		{B4F2DB4A-C0C8-4353-B4AC-19FB23B2C7D1}.Release|ARM.ActiveCfg = Release|Any CPU
		{B4F2DB4A-C0C8-4353-B4AC-19FB23B2C7D1}.Release|ARM.Build.0 = Release|Any CPU
		{B4F2DB4A-C0C8-4353-B4AC-19FB23B2C7D1}.Release|x64.ActiveCfg = Release|Any CPU
		{B4F2DB4A-C0C8-4353-B4AC-19FB23B2C7D1}.Release|x64.Build.0 = Release|Any CPU
		{B4F2DB4A-C0C8-4353-B4AC-19FB23B2C7D1}.Release|x86.ActiveCfg = Release|Any CPU
		{B4F2DB4A-C0C8-4353-B4AC-19FB23B2C7D1}.Release|x86.Build.0 = Release|Any CPU
		{F6A3E795-21DA-4E3C-9A1C-E40F6EE09AB8}.Debug|Any CPU.ActiveCfg = Debug|Any CPU
		{F6A3E795-21DA-4E3C-9A1C-E40F6EE09AB8}.Debug|Any CPU.Build.0 = Debug|Any CPU
		{F6A3E795-21DA-4E3C-9A1C-E40F6EE09AB8}.Debug|ARM.ActiveCfg = Debug|Any CPU
		{F6A3E795-21DA-4E3C-9A1C-E40F6EE09AB8}.Debug|ARM.Build.0 = Debug|Any CPU
		{F6A3E795-21DA-4E3C-9A1C-E40F6EE09AB8}.Debug|x64.ActiveCfg = Debug|Any CPU
		{F6A3E795-21DA-4E3C-9A1C-E40F6EE09AB8}.Debug|x64.Build.0 = Debug|Any CPU
		{F6A3E795-21DA-4E3C-9A1C-E40F6EE09AB8}.Debug|x86.ActiveCfg = Debug|Any CPU
		{F6A3E795-21DA-4E3C-9A1C-E40F6EE09AB8}.Debug|x86.Build.0 = Debug|Any CPU
		{F6A3E795-21DA-4E3C-9A1C-E40F6EE09AB8}.Release|Any CPU.ActiveCfg = Release|Any CPU
		{F6A3E795-21DA-4E3C-9A1C-E40F6EE09AB8}.Release|Any CPU.Build.0 = Release|Any CPU
		{F6A3E795-21DA-4E3C-9A1C-E40F6EE09AB8}.Release|ARM.ActiveCfg = Release|Any CPU
		{F6A3E795-21DA-4E3C-9A1C-E40F6EE09AB8}.Release|ARM.Build.0 = Release|Any CPU
		{F6A3E795-21DA-4E3C-9A1C-E40F6EE09AB8}.Release|x64.ActiveCfg = Release|Any CPU
		{F6A3E795-21DA-4E3C-9A1C-E40F6EE09AB8}.Release|x64.Build.0 = Release|Any CPU
		{F6A3E795-21DA-4E3C-9A1C-E40F6EE09AB8}.Release|x86.ActiveCfg = Release|Any CPU
		{F6A3E795-21DA-4E3C-9A1C-E40F6EE09AB8}.Release|x86.Build.0 = Release|Any CPU
	EndGlobalSection
	GlobalSection(SolutionProperties) = preSolution
		HideSolutionNode = FALSE
	EndGlobalSection
EndGlobal
